
Microsoft Visual Studio Solution File, Format Version 12.00
# Visual Studio Version 17
VisualStudioVersion = 17.0.31903.59
MinimumVisualStudioVersion = 10.0.40219.1
Project("{FAE04EC0-301F-11D3-BF4B-00C04F79EFBC}") = "HybridApp.Core", "HybridApp.Core\HybridApp.Core.csproj", "{C0746A04-E606-40AA-A91D-53321FD9A99E}"
EndProject
Project("{FAE04EC0-301F-11D3-BF4B-00C04F79EFBC}") = "HybridApp.Wpf", "HybridApp.Wpf\HybridApp.Wpf.csproj", "{B93A09D6-3086-4A02-919B-EE1C1957F178}"
EndProject
Project("{FAE04EC0-301F-11D3-BF4B-00C04F79EFBC}") = "HybridApp.WinForms", "HybridApp.WinForms\HybridApp.WinForms.csproj", "{9ACF3201-2548-42B7-B7C3-8739E97C0DA1}"
EndProject
Global
	GlobalSection(SolutionConfigurationPlatforms) = preSolution
		Debug|Any CPU = Debug|Any CPU
		Debug|x64 = Debug|x64
		Debug|x86 = Debug|x86
		Release|Any CPU = Release|Any CPU
		Release|x64 = Release|x64
		Release|x86 = Release|x86
	EndGlobalSection
	GlobalSection(ProjectConfigurationPlatforms) = postSolution
		{C0746A04-E606-40AA-A91D-53321FD9A99E}.Debug|Any CPU.ActiveCfg = Debug|Any CPU
		{C0746A04-E606-40AA-A91D-53321FD9A99E}.Debug|Any CPU.Build.0 = Debug|Any CPU
		{C0746A04-E606-40AA-A91D-53321FD9A99E}.Debug|x64.ActiveCfg = Debug|Any CPU
		{C0746A04-E606-40AA-A91D-53321FD9A99E}.Debug|x64.Build.0 = Debug|Any CPU
		{C0746A04-E606-40AA-A91D-53321FD9A99E}.Debug|x86.ActiveCfg = Debug|Any CPU
		{C0746A04-E606-40AA-A91D-53321FD9A99E}.Debug|x86.Build.0 = Debug|Any CPU
		{C0746A04-E606-40AA-A91D-53321FD9A99E}.Release|Any CPU.ActiveCfg = Release|Any CPU
		{C0746A04-E606-40AA-A91D-53321FD9A99E}.Release|Any CPU.Build.0 = Release|Any CPU
		{C0746A04-E606-40AA-A91D-53321FD9A99E}.Release|x64.ActiveCfg = Release|Any CPU
		{C0746A04-E606-40AA-A91D-53321FD9A99E}.Release|x64.Build.0 = Release|Any CPU
		{C0746A04-E606-40AA-A91D-53321FD9A99E}.Release|x86.ActiveCfg = Release|Any CPU
		{C0746A04-E606-40AA-A91D-53321FD9A99E}.Release|x86.Build.0 = Release|Any CPU
		{B93A09D6-3086-4A02-919B-EE1C1957F178}.Debug|Any CPU.ActiveCfg = Debug|Any CPU
		{B93A09D6-3086-4A02-919B-EE1C1957F178}.Debug|Any CPU.Build.0 = Debug|Any CPU
		{B93A09D6-3086-4A02-919B-EE1C1957F178}.Debug|x64.ActiveCfg = Debug|Any CPU
		{B93A09D6-3086-4A02-919B-EE1C1957F178}.Debug|x64.Build.0 = Debug|Any CPU
		{B93A09D6-3086-4A02-919B-EE1C1957F178}.Debug|x86.ActiveCfg = Debug|Any CPU
		{B93A09D6-3086-4A02-919B-EE1C1957F178}.Debug|x86.Build.0 = Debug|Any CPU
		{B93A09D6-3086-4A02-919B-EE1C1957F178}.Release|Any CPU.ActiveCfg = Release|Any CPU
		{B93A09D6-3086-4A02-919B-EE1C1957F178}.Release|Any CPU.Build.0 = Release|Any CPU
		{B93A09D6-3086-4A02-919B-EE1C1957F178}.Release|x64.ActiveCfg = Release|Any CPU
		{B93A09D6-3086-4A02-919B-EE1C1957F178}.Release|x64.Build.0 = Release|Any CPU
		{B93A09D6-3086-4A02-919B-EE1C1957F178}.Release|x86.ActiveCfg = Release|Any CPU
		{B93A09D6-3086-4A02-919B-EE1C1957F178}.Release|x86.Build.0 = Release|Any CPU
		{9ACF3201-2548-42B7-B7C3-8739E97C0DA1}.Debug|Any CPU.ActiveCfg = Debug|Any CPU
		{9ACF3201-2548-42B7-B7C3-8739E97C0DA1}.Debug|Any CPU.Build.0 = Debug|Any CPU
		{9ACF3201-2548-42B7-B7C3-8739E97C0DA1}.Debug|x64.ActiveCfg = Debug|Any CPU
		{9ACF3201-2548-42B7-B7C3-8739E97C0DA1}.Debug|x64.Build.0 = Debug|Any CPU
		{9ACF3201-2548-42B7-B7C3-8739E97C0DA1}.Debug|x86.ActiveCfg = Debug|Any CPU
		{9ACF3201-2548-42B7-B7C3-8739E97C0DA1}.Debug|x86.Build.0 = Debug|Any CPU
		{9ACF3201-2548-42B7-B7C3-8739E97C0DA1}.Release|Any CPU.ActiveCfg = Release|Any CPU
		{9ACF3201-2548-42B7-B7C3-8739E97C0DA1}.Release|Any CPU.Build.0 = Release|Any CPU
		{9ACF3201-2548-42B7-B7C3-8739E97C0DA1}.Release|x64.ActiveCfg = Release|Any CPU
		{9ACF3201-2548-42B7-B7C3-8739E97C0DA1}.Release|x64.Build.0 = Release|Any CPU
		{9ACF3201-2548-42B7-B7C3-8739E97C0DA1}.Release|x86.ActiveCfg = Release|Any CPU
		{9ACF3201-2548-42B7-B7C3-8739E97C0DA1}.Release|x86.Build.0 = Release|Any CPU
	EndGlobalSection
	GlobalSection(SolutionProperties) = preSolution
		HideSolutionNode = FALSE
	EndGlobalSection
EndGlobal
